// !$*UTF8*$!
{
	archiveVersion = 1;
	classes = {
	};
	objectVersion = 52;
	objects = {

/* Begin PBXBuildFile section */
		164B7A0F252C88B000F0C17A /* MySpaceViewController.swift in Sources */ = {isa = PBXBuildFile; fileRef = 164B7A0E252C88B000F0C17A /* MySpaceViewController.swift */; };
		164B7A18252C88C100F0C17A /* MySpace.storyboard in Resources */ = {isa = PBXBuildFile; fileRef = 164B7A17252C88C100F0C17A /* MySpace.storyboard */; };
		164B7A1D252C893A00F0C17A /* InsertNameViewController.swift in Sources */ = {isa = PBXBuildFile; fileRef = 164B7A1C252C893A00F0C17A /* InsertNameViewController.swift */; };
		164B7A22252C896000F0C17A /* SelectColorViewController.swift in Sources */ = {isa = PBXBuildFile; fileRef = 164B7A21252C896000F0C17A /* SelectColorViewController.swift */; };
		164B7A2A252C8A3400F0C17A /* DetectEmotionViewController.swift in Sources */ = {isa = PBXBuildFile; fileRef = 164B7A29252C8A3400F0C17A /* DetectEmotionViewController.swift */; };
		164B7A32252C8A4100F0C17A /* DetectEmotion.storyboard in Resources */ = {isa = PBXBuildFile; fileRef = 164B7A31252C8A4100F0C17A /* DetectEmotion.storyboard */; };
		164B7A3A252C8B9B00F0C17A /* SettingsViewController.swift in Sources */ = {isa = PBXBuildFile; fileRef = 164B7A39252C8B9B00F0C17A /* SettingsViewController.swift */; };
		164B7A42252C8BA400F0C17A /* Settings.storyboard in Resources */ = {isa = PBXBuildFile; fileRef = 164B7A41252C8BA400F0C17A /* Settings.storyboard */; };
		1684832C252C7EEE00BEE46A /* OnboardingViewController.swift in Sources */ = {isa = PBXBuildFile; fileRef = 1684832B252C7EEE00BEE46A /* OnboardingViewController.swift */; };
		16848334252C7EF600BEE46A /* HomeViewController.swift in Sources */ = {isa = PBXBuildFile; fileRef = 16848333252C7EF600BEE46A /* HomeViewController.swift */; };
		16848339252C7F2100BEE46A /* Home.storyboard in Resources */ = {isa = PBXBuildFile; fileRef = 16848338252C7F2100BEE46A /* Home.storyboard */; };
		1684833E252C7F4600BEE46A /* Onboarding.storyboard in Resources */ = {isa = PBXBuildFile; fileRef = 1684833D252C7F4600BEE46A /* Onboarding.storyboard */; };
		16FBD2BB252D35E3003A474A /* MiniGamesViewController.swift in Sources */ = {isa = PBXBuildFile; fileRef = 16FBD2BA252D35E3003A474A /* MiniGamesViewController.swift */; };
		16FBD2C3252D35EE003A474A /* MiniGames.storyboard in Resources */ = {isa = PBXBuildFile; fileRef = 16FBD2C2252D35EE003A474A /* MiniGames.storyboard */; };
		AB129BB2252CB4A5002FB772 /* Charts in Frameworks */ = {isa = PBXBuildFile; productRef = AB129BB1252CB4A5002FB772 /* Charts */; };
		AB284F12252C3283006B6727 /* AppDelegate.swift in Sources */ = {isa = PBXBuildFile; fileRef = AB284F11252C3283006B6727 /* AppDelegate.swift */; };
		AB284F14252C3283006B6727 /* SceneDelegate.swift in Sources */ = {isa = PBXBuildFile; fileRef = AB284F13252C3283006B6727 /* SceneDelegate.swift */; };
		AB284F16252C3283006B6727 /* ViewController.swift in Sources */ = {isa = PBXBuildFile; fileRef = AB284F15252C3283006B6727 /* ViewController.swift */; };
		AB284F1C252C3283006B6727 /* Macro43.xcdatamodeld in Sources */ = {isa = PBXBuildFile; fileRef = AB284F1A252C3283006B6727 /* Macro43.xcdatamodeld */; };
		AB284F1E252C3285006B6727 /* Assets.xcassets in Resources */ = {isa = PBXBuildFile; fileRef = AB284F1D252C3285006B6727 /* Assets.xcassets */; };
		AB284F21252C3285006B6727 /* LaunchScreen.storyboard in Resources */ = {isa = PBXBuildFile; fileRef = AB284F1F252C3285006B6727 /* LaunchScreen.storyboard */; };
		AB284F2C252C3285006B6727 /* Macro43Tests.swift in Sources */ = {isa = PBXBuildFile; fileRef = AB284F2B252C3285006B6727 /* Macro43Tests.swift */; };
		AB284F37252C3285006B6727 /* Macro43UITests.swift in Sources */ = {isa = PBXBuildFile; fileRef = AB284F36252C3285006B6727 /* Macro43UITests.swift */; };
/* End PBXBuildFile section */

/* Begin PBXContainerItemProxy section */
		AB284F28252C3285006B6727 /* PBXContainerItemProxy */ = {
			isa = PBXContainerItemProxy;
			containerPortal = AB284F06252C3283006B6727 /* Project object */;
			proxyType = 1;
			remoteGlobalIDString = AB284F0D252C3283006B6727;
			remoteInfo = Macro43;
		};
		AB284F33252C3285006B6727 /* PBXContainerItemProxy */ = {
			isa = PBXContainerItemProxy;
			containerPortal = AB284F06252C3283006B6727 /* Project object */;
			proxyType = 1;
			remoteGlobalIDString = AB284F0D252C3283006B6727;
			remoteInfo = Macro43;
		};
/* End PBXContainerItemProxy section */

/* Begin PBXFileReference section */
		164B7A0E252C88B000F0C17A /* MySpaceViewController.swift */ = {isa = PBXFileReference; lastKnownFileType = sourcecode.swift; path = MySpaceViewController.swift; sourceTree = "<group>"; };
		164B7A17252C88C100F0C17A /* MySpace.storyboard */ = {isa = PBXFileReference; lastKnownFileType = file.storyboard; path = MySpace.storyboard; sourceTree = "<group>"; };
		164B7A1C252C893A00F0C17A /* InsertNameViewController.swift */ = {isa = PBXFileReference; lastKnownFileType = sourcecode.swift; path = InsertNameViewController.swift; sourceTree = "<group>"; };
		164B7A21252C896000F0C17A /* SelectColorViewController.swift */ = {isa = PBXFileReference; lastKnownFileType = sourcecode.swift; path = SelectColorViewController.swift; sourceTree = "<group>"; };
		164B7A29252C8A3400F0C17A /* DetectEmotionViewController.swift */ = {isa = PBXFileReference; lastKnownFileType = sourcecode.swift; path = DetectEmotionViewController.swift; sourceTree = "<group>"; };
		164B7A31252C8A4100F0C17A /* DetectEmotion.storyboard */ = {isa = PBXFileReference; lastKnownFileType = file.storyboard; path = DetectEmotion.storyboard; sourceTree = "<group>"; };
		164B7A39252C8B9B00F0C17A /* SettingsViewController.swift */ = {isa = PBXFileReference; lastKnownFileType = sourcecode.swift; path = SettingsViewController.swift; sourceTree = "<group>"; };
		164B7A41252C8BA400F0C17A /* Settings.storyboard */ = {isa = PBXFileReference; lastKnownFileType = file.storyboard; path = Settings.storyboard; sourceTree = "<group>"; };
		1684832B252C7EEE00BEE46A /* OnboardingViewController.swift */ = {isa = PBXFileReference; lastKnownFileType = sourcecode.swift; path = OnboardingViewController.swift; sourceTree = "<group>"; };
		16848333252C7EF600BEE46A /* HomeViewController.swift */ = {isa = PBXFileReference; lastKnownFileType = sourcecode.swift; path = HomeViewController.swift; sourceTree = "<group>"; };
		16848338252C7F2100BEE46A /* Home.storyboard */ = {isa = PBXFileReference; lastKnownFileType = file.storyboard; path = Home.storyboard; sourceTree = "<group>"; };
		1684833D252C7F4600BEE46A /* Onboarding.storyboard */ = {isa = PBXFileReference; lastKnownFileType = file.storyboard; path = Onboarding.storyboard; sourceTree = "<group>"; };
		16FBD2BA252D35E3003A474A /* MiniGamesViewController.swift */ = {isa = PBXFileReference; lastKnownFileType = sourcecode.swift; path = MiniGamesViewController.swift; sourceTree = "<group>"; };
		16FBD2C2252D35EE003A474A /* MiniGames.storyboard */ = {isa = PBXFileReference; lastKnownFileType = file.storyboard; path = MiniGames.storyboard; sourceTree = "<group>"; };
		AB284F0E252C3283006B6727 /* Macro43.app */ = {isa = PBXFileReference; explicitFileType = wrapper.application; includeInIndex = 0; path = Macro43.app; sourceTree = BUILT_PRODUCTS_DIR; };
		AB284F11252C3283006B6727 /* AppDelegate.swift */ = {isa = PBXFileReference; lastKnownFileType = sourcecode.swift; path = AppDelegate.swift; sourceTree = "<group>"; };
		AB284F13252C3283006B6727 /* SceneDelegate.swift */ = {isa = PBXFileReference; lastKnownFileType = sourcecode.swift; path = SceneDelegate.swift; sourceTree = "<group>"; };
		AB284F15252C3283006B6727 /* ViewController.swift */ = {isa = PBXFileReference; lastKnownFileType = sourcecode.swift; path = ViewController.swift; sourceTree = "<group>"; };
		AB284F1B252C3283006B6727 /* Macro43.xcdatamodel */ = {isa = PBXFileReference; lastKnownFileType = wrapper.xcdatamodel; path = Macro43.xcdatamodel; sourceTree = "<group>"; };
		AB284F1D252C3285006B6727 /* Assets.xcassets */ = {isa = PBXFileReference; lastKnownFileType = folder.assetcatalog; path = Assets.xcassets; sourceTree = "<group>"; };
		AB284F20252C3285006B6727 /* Base */ = {isa = PBXFileReference; lastKnownFileType = file.storyboard; name = Base; path = Base.lproj/LaunchScreen.storyboard; sourceTree = "<group>"; };
		AB284F22252C3285006B6727 /* Info.plist */ = {isa = PBXFileReference; lastKnownFileType = text.plist.xml; path = Info.plist; sourceTree = "<group>"; };
		AB284F27252C3285006B6727 /* Macro43Tests.xctest */ = {isa = PBXFileReference; explicitFileType = wrapper.cfbundle; includeInIndex = 0; path = Macro43Tests.xctest; sourceTree = BUILT_PRODUCTS_DIR; };
		AB284F2B252C3285006B6727 /* Macro43Tests.swift */ = {isa = PBXFileReference; lastKnownFileType = sourcecode.swift; path = Macro43Tests.swift; sourceTree = "<group>"; };
		AB284F2D252C3285006B6727 /* Info.plist */ = {isa = PBXFileReference; lastKnownFileType = text.plist.xml; path = Info.plist; sourceTree = "<group>"; };
		AB284F32252C3285006B6727 /* Macro43UITests.xctest */ = {isa = PBXFileReference; explicitFileType = wrapper.cfbundle; includeInIndex = 0; path = Macro43UITests.xctest; sourceTree = BUILT_PRODUCTS_DIR; };
		AB284F36252C3285006B6727 /* Macro43UITests.swift */ = {isa = PBXFileReference; lastKnownFileType = sourcecode.swift; path = Macro43UITests.swift; sourceTree = "<group>"; };
		AB284F38252C3285006B6727 /* Info.plist */ = {isa = PBXFileReference; lastKnownFileType = text.plist.xml; path = Info.plist; sourceTree = "<group>"; };
/* End PBXFileReference section */

/* Begin PBXFrameworksBuildPhase section */
		AB284F0B252C3283006B6727 /* Frameworks */ = {
			isa = PBXFrameworksBuildPhase;
			buildActionMask = 2147483647;
			files = (
				AB129BB2252CB4A5002FB772 /* Charts in Frameworks */,
			);
			runOnlyForDeploymentPostprocessing = 0;
		};
		AB284F24252C3285006B6727 /* Frameworks */ = {
			isa = PBXFrameworksBuildPhase;
			buildActionMask = 2147483647;
			files = (
			);
			runOnlyForDeploymentPostprocessing = 0;
		};
		AB284F2F252C3285006B6727 /* Frameworks */ = {
			isa = PBXFrameworksBuildPhase;
			buildActionMask = 2147483647;
			files = (
			);
			runOnlyForDeploymentPostprocessing = 0;
		};
/* End PBXFrameworksBuildPhase section */

/* Begin PBXGroup section */
		164B7A09252C889000F0C17A /* MySpace */ = {
			isa = PBXGroup;
			children = (
				164B7A16252C88B400F0C17A /* Views */,
				164B7A0D252C889B00F0C17A /* Controllers */,
			);
			path = MySpace;
			sourceTree = "<group>";
		};
		164B7A0D252C889B00F0C17A /* Controllers */ = {
			isa = PBXGroup;
			children = (
				164B7A0E252C88B000F0C17A /* MySpaceViewController.swift */,
			);
			path = Controllers;
			sourceTree = "<group>";
		};
		164B7A16252C88B400F0C17A /* Views */ = {
			isa = PBXGroup;
			children = (
				164B7A17252C88C100F0C17A /* MySpace.storyboard */,
			);
			path = Views;
			sourceTree = "<group>";
		};
		164B7A26252C8A1200F0C17A /* DetectEmotion */ = {
			isa = PBXGroup;
			children = (
				164B7A28252C8A2600F0C17A /* Views */,
				164B7A27252C8A1F00F0C17A /* Controllers */,
			);
			path = DetectEmotion;
			sourceTree = "<group>";
		};
		164B7A27252C8A1F00F0C17A /* Controllers */ = {
			isa = PBXGroup;
			children = (
				164B7A29252C8A3400F0C17A /* DetectEmotionViewController.swift */,
			);
			path = Controllers;
			sourceTree = "<group>";
		};
		164B7A28252C8A2600F0C17A /* Views */ = {
			isa = PBXGroup;
			children = (
				164B7A31252C8A4100F0C17A /* DetectEmotion.storyboard */,
			);
			path = Views;
			sourceTree = "<group>";
		};
		164B7A36252C8B5A00F0C17A /* Settings */ = {
			isa = PBXGroup;
			children = (
				164B7A38252C8B8500F0C17A /* Views */,
				164B7A37252C8B8000F0C17A /* Controllers */,
			);
			path = Settings;
			sourceTree = "<group>";
		};
		164B7A37252C8B8000F0C17A /* Controllers */ = {
			isa = PBXGroup;
			children = (
				164B7A39252C8B9B00F0C17A /* SettingsViewController.swift */,
			);
			path = Controllers;
			sourceTree = "<group>";
		};
		164B7A38252C8B8500F0C17A /* Views */ = {
			isa = PBXGroup;
			children = (
				164B7A41252C8BA400F0C17A /* Settings.storyboard */,
			);
			path = Views;
			sourceTree = "<group>";
		};
		16848329252C7EB000BEE46A /* Onboarding */ = {
			isa = PBXGroup;
			children = (
				16848348252C85E600BEE46A /* Views */,
				16848347252C85E000BEE46A /* Controllers */,
			);
			path = Onboarding;
			sourceTree = "<group>";
		};
		1684832A252C7EBB00BEE46A /* Home */ = {
			isa = PBXGroup;
			children = (
				16848346252C85C400BEE46A /* Views */,
				16848345252C85B500BEE46A /* Controllers */,
			);
			path = Home;
			sourceTree = "<group>";
		};
		16848345252C85B500BEE46A /* Controllers */ = {
			isa = PBXGroup;
			children = (
				16848333252C7EF600BEE46A /* HomeViewController.swift */,
			);
			path = Controllers;
			sourceTree = "<group>";
		};
		16848346252C85C400BEE46A /* Views */ = {
			isa = PBXGroup;
			children = (
				16848338252C7F2100BEE46A /* Home.storyboard */,
			);
			path = Views;
			sourceTree = "<group>";
		};
		16848347252C85E000BEE46A /* Controllers */ = {
			isa = PBXGroup;
			children = (
				1684832B252C7EEE00BEE46A /* OnboardingViewController.swift */,
				164B7A1C252C893A00F0C17A /* InsertNameViewController.swift */,
				164B7A21252C896000F0C17A /* SelectColorViewController.swift */,
			);
			path = Controllers;
			sourceTree = "<group>";
		};
		16848348252C85E600BEE46A /* Views */ = {
			isa = PBXGroup;
			children = (
				1684833D252C7F4600BEE46A /* Onboarding.storyboard */,
			);
			path = Views;
			sourceTree = "<group>";
		};
		16FBD2B7252D35C6003A474A /* MiniGames */ = {
			isa = PBXGroup;
			children = (
				16FBD2B9252D35D2003A474A /* Controllers */,
				16FBD2B8252D35CF003A474A /* Views */,
			);
			path = MiniGames;
			sourceTree = "<group>";
		};
		16FBD2B8252D35CF003A474A /* Views */ = {
			isa = PBXGroup;
			children = (
				16FBD2C2252D35EE003A474A /* MiniGames.storyboard */,
			);
			path = Views;
			sourceTree = "<group>";
		};
		16FBD2B9252D35D2003A474A /* Controllers */ = {
			isa = PBXGroup;
			children = (
				16FBD2BA252D35E3003A474A /* MiniGamesViewController.swift */,
			);
			path = Controllers;
			sourceTree = "<group>";
		};
		AB284F05252C3283006B6727 = {
			isa = PBXGroup;
			children = (
				AB284F10252C3283006B6727 /* Macro43 */,
				AB284F2A252C3285006B6727 /* Macro43Tests */,
				AB284F35252C3285006B6727 /* Macro43UITests */,
				AB284F0F252C3283006B6727 /* Products */,
			);
			sourceTree = "<group>";
		};
		AB284F0F252C3283006B6727 /* Products */ = {
			isa = PBXGroup;
			children = (
				AB284F0E252C3283006B6727 /* Macro43.app */,
				AB284F27252C3285006B6727 /* Macro43Tests.xctest */,
				AB284F32252C3285006B6727 /* Macro43UITests.xctest */,
			);
			name = Products;
			sourceTree = "<group>";
		};
		AB284F10252C3283006B6727 /* Macro43 */ = {
			isa = PBXGroup;
			children = (
				16FBD2B7252D35C6003A474A /* MiniGames */,
				164B7A36252C8B5A00F0C17A /* Settings */,
				164B7A26252C8A1200F0C17A /* DetectEmotion */,
				164B7A09252C889000F0C17A /* MySpace */,
				1684832A252C7EBB00BEE46A /* Home */,
				16848329252C7EB000BEE46A /* Onboarding */,
				AB284F11252C3283006B6727 /* AppDelegate.swift */,
				AB284F13252C3283006B6727 /* SceneDelegate.swift */,
				AB284F15252C3283006B6727 /* ViewController.swift */,
				AB284F1D252C3285006B6727 /* Assets.xcassets */,
				AB284F1F252C3285006B6727 /* LaunchScreen.storyboard */,
				AB284F22252C3285006B6727 /* Info.plist */,
				AB284F1A252C3283006B6727 /* Macro43.xcdatamodeld */,
			);
			path = Macro43;
			sourceTree = "<group>";
		};
		AB284F2A252C3285006B6727 /* Macro43Tests */ = {
			isa = PBXGroup;
			children = (
				AB284F2B252C3285006B6727 /* Macro43Tests.swift */,
				AB284F2D252C3285006B6727 /* Info.plist */,
			);
			path = Macro43Tests;
			sourceTree = "<group>";
		};
		AB284F35252C3285006B6727 /* Macro43UITests */ = {
			isa = PBXGroup;
			children = (
				AB284F36252C3285006B6727 /* Macro43UITests.swift */,
				AB284F38252C3285006B6727 /* Info.plist */,
			);
			path = Macro43UITests;
			sourceTree = "<group>";
		};
/* End PBXGroup section */

/* Begin PBXNativeTarget section */
		AB284F0D252C3283006B6727 /* Macro43 */ = {
			isa = PBXNativeTarget;
			buildConfigurationList = AB284F3B252C3285006B6727 /* Build configuration list for PBXNativeTarget "Macro43" */;
			buildPhases = (
				AB284F0A252C3283006B6727 /* Sources */,
				AB284F0B252C3283006B6727 /* Frameworks */,
				AB284F0C252C3283006B6727 /* Resources */,
			);
			buildRules = (
			);
			dependencies = (
			);
			name = Macro43;
			packageProductDependencies = (
				AB129BB1252CB4A5002FB772 /* Charts */,
			);
			productName = Macro43;
			productReference = AB284F0E252C3283006B6727 /* Macro43.app */;
			productType = "com.apple.product-type.application";
		};
		AB284F26252C3285006B6727 /* Macro43Tests */ = {
			isa = PBXNativeTarget;
			buildConfigurationList = AB284F3E252C3285006B6727 /* Build configuration list for PBXNativeTarget "Macro43Tests" */;
			buildPhases = (
				AB284F23252C3285006B6727 /* Sources */,
				AB284F24252C3285006B6727 /* Frameworks */,
				AB284F25252C3285006B6727 /* Resources */,
			);
			buildRules = (
			);
			dependencies = (
				AB284F29252C3285006B6727 /* PBXTargetDependency */,
			);
			name = Macro43Tests;
			productName = Macro43Tests;
			productReference = AB284F27252C3285006B6727 /* Macro43Tests.xctest */;
			productType = "com.apple.product-type.bundle.unit-test";
		};
		AB284F31252C3285006B6727 /* Macro43UITests */ = {
			isa = PBXNativeTarget;
			buildConfigurationList = AB284F41252C3285006B6727 /* Build configuration list for PBXNativeTarget "Macro43UITests" */;
			buildPhases = (
				AB284F2E252C3285006B6727 /* Sources */,
				AB284F2F252C3285006B6727 /* Frameworks */,
				AB284F30252C3285006B6727 /* Resources */,
			);
			buildRules = (
			);
			dependencies = (
				AB284F34252C3285006B6727 /* PBXTargetDependency */,
			);
			name = Macro43UITests;
			productName = Macro43UITests;
			productReference = AB284F32252C3285006B6727 /* Macro43UITests.xctest */;
			productType = "com.apple.product-type.bundle.ui-testing";
		};
/* End PBXNativeTarget section */

/* Begin PBXProject section */
		AB284F06252C3283006B6727 /* Project object */ = {
			isa = PBXProject;
			attributes = {
				LastSwiftUpdateCheck = 1200;
				LastUpgradeCheck = 1200;
				TargetAttributes = {
					AB284F0D252C3283006B6727 = {
						CreatedOnToolsVersion = 12.0.1;
					};
					AB284F26252C3285006B6727 = {
						CreatedOnToolsVersion = 12.0.1;
						TestTargetID = AB284F0D252C3283006B6727;
					};
					AB284F31252C3285006B6727 = {
						CreatedOnToolsVersion = 12.0.1;
						TestTargetID = AB284F0D252C3283006B6727;
					};
				};
			};
			buildConfigurationList = AB284F09252C3283006B6727 /* Build configuration list for PBXProject "Macro43" */;
			compatibilityVersion = "Xcode 9.3";
			developmentRegion = en;
			hasScannedForEncodings = 0;
			knownRegions = (
				en,
				Base,
			);
			mainGroup = AB284F05252C3283006B6727;
			packageReferences = (
				AB129BB0252CB4A5002FB772 /* XCRemoteSwiftPackageReference "Charts" */,
			);
			productRefGroup = AB284F0F252C3283006B6727 /* Products */;
			projectDirPath = "";
			projectRoot = "";
			targets = (
				AB284F0D252C3283006B6727 /* Macro43 */,
				AB284F26252C3285006B6727 /* Macro43Tests */,
				AB284F31252C3285006B6727 /* Macro43UITests */,
			);
		};
/* End PBXProject section */

/* Begin PBXResourcesBuildPhase section */
		AB284F0C252C3283006B6727 /* Resources */ = {
			isa = PBXResourcesBuildPhase;
			buildActionMask = 2147483647;
			files = (
				164B7A18252C88C100F0C17A /* MySpace.storyboard in Resources */,
				AB284F21252C3285006B6727 /* LaunchScreen.storyboard in Resources */,
				1684833E252C7F4600BEE46A /* Onboarding.storyboard in Resources */,
				164B7A32252C8A4100F0C17A /* DetectEmotion.storyboard in Resources */,
				AB284F1E252C3285006B6727 /* Assets.xcassets in Resources */,
				16FBD2C3252D35EE003A474A /* MiniGames.storyboard in Resources */,
				16848339252C7F2100BEE46A /* Home.storyboard in Resources */,
				164B7A42252C8BA400F0C17A /* Settings.storyboard in Resources */,
			);
			runOnlyForDeploymentPostprocessing = 0;
		};
		AB284F25252C3285006B6727 /* Resources */ = {
			isa = PBXResourcesBuildPhase;
			buildActionMask = 2147483647;
			files = (
			);
			runOnlyForDeploymentPostprocessing = 0;
		};
		AB284F30252C3285006B6727 /* Resources */ = {
			isa = PBXResourcesBuildPhase;
			buildActionMask = 2147483647;
			files = (
			);
			runOnlyForDeploymentPostprocessing = 0;
		};
/* End PBXResourcesBuildPhase section */

/* Begin PBXSourcesBuildPhase section */
		AB284F0A252C3283006B6727 /* Sources */ = {
			isa = PBXSourcesBuildPhase;
			buildActionMask = 2147483647;
			files = (
				AB284F16252C3283006B6727 /* ViewController.swift in Sources */,
				164B7A22252C896000F0C17A /* SelectColorViewController.swift in Sources */,
				164B7A3A252C8B9B00F0C17A /* SettingsViewController.swift in Sources */,
				AB284F1C252C3283006B6727 /* Macro43.xcdatamodeld in Sources */,
				1684832C252C7EEE00BEE46A /* OnboardingViewController.swift in Sources */,
				AB284F12252C3283006B6727 /* AppDelegate.swift in Sources */,
				164B7A2A252C8A3400F0C17A /* DetectEmotionViewController.swift in Sources */,
				AB284F14252C3283006B6727 /* SceneDelegate.swift in Sources */,
				164B7A0F252C88B000F0C17A /* MySpaceViewController.swift in Sources */,
				16FBD2BB252D35E3003A474A /* MiniGamesViewController.swift in Sources */,
				164B7A1D252C893A00F0C17A /* InsertNameViewController.swift in Sources */,
				16848334252C7EF600BEE46A /* HomeViewController.swift in Sources */,
			);
			runOnlyForDeploymentPostprocessing = 0;
		};
		AB284F23252C3285006B6727 /* Sources */ = {
			isa = PBXSourcesBuildPhase;
			buildActionMask = 2147483647;
			files = (
				AB284F2C252C3285006B6727 /* Macro43Tests.swift in Sources */,
			);
			runOnlyForDeploymentPostprocessing = 0;
		};
		AB284F2E252C3285006B6727 /* Sources */ = {
			isa = PBXSourcesBuildPhase;
			buildActionMask = 2147483647;
			files = (
				AB284F37252C3285006B6727 /* Macro43UITests.swift in Sources */,
			);
			runOnlyForDeploymentPostprocessing = 0;
		};
/* End PBXSourcesBuildPhase section */

/* Begin PBXTargetDependency section */
		AB284F29252C3285006B6727 /* PBXTargetDependency */ = {
			isa = PBXTargetDependency;
			target = AB284F0D252C3283006B6727 /* Macro43 */;
			targetProxy = AB284F28252C3285006B6727 /* PBXContainerItemProxy */;
		};
		AB284F34252C3285006B6727 /* PBXTargetDependency */ = {
			isa = PBXTargetDependency;
			target = AB284F0D252C3283006B6727 /* Macro43 */;
			targetProxy = AB284F33252C3285006B6727 /* PBXContainerItemProxy */;
		};
/* End PBXTargetDependency section */

/* Begin PBXVariantGroup section */
		AB284F1F252C3285006B6727 /* LaunchScreen.storyboard */ = {
			isa = PBXVariantGroup;
			children = (
				AB284F20252C3285006B6727 /* Base */,
			);
			name = LaunchScreen.storyboard;
			sourceTree = "<group>";
		};
/* End PBXVariantGroup section */

/* Begin XCBuildConfiguration section */
		AB284F39252C3285006B6727 /* Debug */ = {
			isa = XCBuildConfiguration;
			buildSettings = {
				ALWAYS_SEARCH_USER_PATHS = NO;
				CLANG_ANALYZER_NONNULL = YES;
				CLANG_ANALYZER_NUMBER_OBJECT_CONVERSION = YES_AGGRESSIVE;
				CLANG_CXX_LANGUAGE_STANDARD = "gnu++14";
				CLANG_CXX_LIBRARY = "libc++";
				CLANG_ENABLE_MODULES = YES;
				CLANG_ENABLE_OBJC_ARC = YES;
				CLANG_ENABLE_OBJC_WEAK = YES;
				CLANG_WARN_BLOCK_CAPTURE_AUTORELEASING = YES;
				CLANG_WARN_BOOL_CONVERSION = YES;
				CLANG_WARN_COMMA = YES;
				CLANG_WARN_CONSTANT_CONVERSION = YES;
				CLANG_WARN_DEPRECATED_OBJC_IMPLEMENTATIONS = YES;
				CLANG_WARN_DIRECT_OBJC_ISA_USAGE = YES_ERROR;
				CLANG_WARN_DOCUMENTATION_COMMENTS = YES;
				CLANG_WARN_EMPTY_BODY = YES;
				CLANG_WARN_ENUM_CONVERSION = YES;
				CLANG_WARN_INFINITE_RECURSION = YES;
				CLANG_WARN_INT_CONVERSION = YES;
				CLANG_WARN_NON_LITERAL_NULL_CONVERSION = YES;
				CLANG_WARN_OBJC_IMPLICIT_RETAIN_SELF = YES;
				CLANG_WARN_OBJC_LITERAL_CONVERSION = YES;
				CLANG_WARN_OBJC_ROOT_CLASS = YES_ERROR;
				CLANG_WARN_QUOTED_INCLUDE_IN_FRAMEWORK_HEADER = YES;
				CLANG_WARN_RANGE_LOOP_ANALYSIS = YES;
				CLANG_WARN_STRICT_PROTOTYPES = YES;
				CLANG_WARN_SUSPICIOUS_MOVE = YES;
				CLANG_WARN_UNGUARDED_AVAILABILITY = YES_AGGRESSIVE;
				CLANG_WARN_UNREACHABLE_CODE = YES;
				CLANG_WARN__DUPLICATE_METHOD_MATCH = YES;
				COPY_PHASE_STRIP = NO;
				DEBUG_INFORMATION_FORMAT = dwarf;
				ENABLE_STRICT_OBJC_MSGSEND = YES;
				ENABLE_TESTABILITY = YES;
				GCC_C_LANGUAGE_STANDARD = gnu11;
				GCC_DYNAMIC_NO_PIC = NO;
				GCC_NO_COMMON_BLOCKS = YES;
				GCC_OPTIMIZATION_LEVEL = 0;
				GCC_PREPROCESSOR_DEFINITIONS = (
					"DEBUG=1",
					"$(inherited)",
				);
				GCC_WARN_64_TO_32_BIT_CONVERSION = YES;
				GCC_WARN_ABOUT_RETURN_TYPE = YES_ERROR;
				GCC_WARN_UNDECLARED_SELECTOR = YES;
				GCC_WARN_UNINITIALIZED_AUTOS = YES_AGGRESSIVE;
				GCC_WARN_UNUSED_FUNCTION = YES;
				GCC_WARN_UNUSED_VARIABLE = YES;
				IPHONEOS_DEPLOYMENT_TARGET = 14.0;
				MTL_ENABLE_DEBUG_INFO = INCLUDE_SOURCE;
				MTL_FAST_MATH = YES;
				ONLY_ACTIVE_ARCH = YES;
				SDKROOT = iphoneos;
				SWIFT_ACTIVE_COMPILATION_CONDITIONS = DEBUG;
				SWIFT_OPTIMIZATION_LEVEL = "-Onone";
			};
			name = Debug;
		};
		AB284F3A252C3285006B6727 /* Release */ = {
			isa = XCBuildConfiguration;
			buildSettings = {
				ALWAYS_SEARCH_USER_PATHS = NO;
				CLANG_ANALYZER_NONNULL = YES;
				CLANG_ANALYZER_NUMBER_OBJECT_CONVERSION = YES_AGGRESSIVE;
				CLANG_CXX_LANGUAGE_STANDARD = "gnu++14";
				CLANG_CXX_LIBRARY = "libc++";
				CLANG_ENABLE_MODULES = YES;
				CLANG_ENABLE_OBJC_ARC = YES;
				CLANG_ENABLE_OBJC_WEAK = YES;
				CLANG_WARN_BLOCK_CAPTURE_AUTORELEASING = YES;
				CLANG_WARN_BOOL_CONVERSION = YES;
				CLANG_WARN_COMMA = YES;
				CLANG_WARN_CONSTANT_CONVERSION = YES;
				CLANG_WARN_DEPRECATED_OBJC_IMPLEMENTATIONS = YES;
				CLANG_WARN_DIRECT_OBJC_ISA_USAGE = YES_ERROR;
				CLANG_WARN_DOCUMENTATION_COMMENTS = YES;
				CLANG_WARN_EMPTY_BODY = YES;
				CLANG_WARN_ENUM_CONVERSION = YES;
				CLANG_WARN_INFINITE_RECURSION = YES;
				CLANG_WARN_INT_CONVERSION = YES;
				CLANG_WARN_NON_LITERAL_NULL_CONVERSION = YES;
				CLANG_WARN_OBJC_IMPLICIT_RETAIN_SELF = YES;
				CLANG_WARN_OBJC_LITERAL_CONVERSION = YES;
				CLANG_WARN_OBJC_ROOT_CLASS = YES_ERROR;
				CLANG_WARN_QUOTED_INCLUDE_IN_FRAMEWORK_HEADER = YES;
				CLANG_WARN_RANGE_LOOP_ANALYSIS = YES;
				CLANG_WARN_STRICT_PROTOTYPES = YES;
				CLANG_WARN_SUSPICIOUS_MOVE = YES;
				CLANG_WARN_UNGUARDED_AVAILABILITY = YES_AGGRESSIVE;
				CLANG_WARN_UNREACHABLE_CODE = YES;
				CLANG_WARN__DUPLICATE_METHOD_MATCH = YES;
				COPY_PHASE_STRIP = NO;
				DEBUG_INFORMATION_FORMAT = "dwarf-with-dsym";
				ENABLE_NS_ASSERTIONS = NO;
				ENABLE_STRICT_OBJC_MSGSEND = YES;
				GCC_C_LANGUAGE_STANDARD = gnu11;
				GCC_NO_COMMON_BLOCKS = YES;
				GCC_WARN_64_TO_32_BIT_CONVERSION = YES;
				GCC_WARN_ABOUT_RETURN_TYPE = YES_ERROR;
				GCC_WARN_UNDECLARED_SELECTOR = YES;
				GCC_WARN_UNINITIALIZED_AUTOS = YES_AGGRESSIVE;
				GCC_WARN_UNUSED_FUNCTION = YES;
				GCC_WARN_UNUSED_VARIABLE = YES;
				IPHONEOS_DEPLOYMENT_TARGET = 14.0;
				MTL_ENABLE_DEBUG_INFO = NO;
				MTL_FAST_MATH = YES;
				SDKROOT = iphoneos;
				SWIFT_COMPILATION_MODE = wholemodule;
				SWIFT_OPTIMIZATION_LEVEL = "-O";
				VALIDATE_PRODUCT = YES;
			};
			name = Release;
		};
		AB284F3C252C3285006B6727 /* Debug */ = {
			isa = XCBuildConfiguration;
			buildSettings = {
				ASSETCATALOG_COMPILER_APPICON_NAME = AppIcon;
				ASSETCATALOG_COMPILER_GLOBAL_ACCENT_COLOR_NAME = AccentColor;
				CODE_SIGN_STYLE = Automatic;
				DEVELOPMENT_TEAM = A97SVDB2Q9;
				INFOPLIST_FILE = Macro43/Info.plist;
				LD_RUNPATH_SEARCH_PATHS = (
					"$(inherited)",
					"@executable_path/Frameworks",
				);
				PRODUCT_BUNDLE_IDENTIFIER = id.appleacademy.Macro43;
				PRODUCT_NAME = "$(TARGET_NAME)";
				SWIFT_VERSION = 5.0;
				TARGETED_DEVICE_FAMILY = "1,2";
			};
			name = Debug;
		};
		AB284F3D252C3285006B6727 /* Release */ = {
			isa = XCBuildConfiguration;
			buildSettings = {
				ASSETCATALOG_COMPILER_APPICON_NAME = AppIcon;
				ASSETCATALOG_COMPILER_GLOBAL_ACCENT_COLOR_NAME = AccentColor;
				CODE_SIGN_STYLE = Automatic;
				DEVELOPMENT_TEAM = A97SVDB2Q9;
				INFOPLIST_FILE = Macro43/Info.plist;
				LD_RUNPATH_SEARCH_PATHS = (
					"$(inherited)",
					"@executable_path/Frameworks",
				);
				PRODUCT_BUNDLE_IDENTIFIER = id.appleacademy.Macro43;
				PRODUCT_NAME = "$(TARGET_NAME)";
				SWIFT_VERSION = 5.0;
				TARGETED_DEVICE_FAMILY = "1,2";
			};
			name = Release;
		};
		AB284F3F252C3285006B6727 /* Debug */ = {
			isa = XCBuildConfiguration;
			buildSettings = {
				ALWAYS_EMBED_SWIFT_STANDARD_LIBRARIES = YES;
				BUNDLE_LOADER = "$(TEST_HOST)";
				CODE_SIGN_STYLE = Automatic;
				DEVELOPMENT_TEAM = A97SVDB2Q9;
				INFOPLIST_FILE = Macro43Tests/Info.plist;
				IPHONEOS_DEPLOYMENT_TARGET = 14.0;
				LD_RUNPATH_SEARCH_PATHS = (
					"$(inherited)",
					"@executable_path/Frameworks",
					"@loader_path/Frameworks",
				);
				PRODUCT_BUNDLE_IDENTIFIER = id.appleacademy.Macro43Tests;
				PRODUCT_NAME = "$(TARGET_NAME)";
				SWIFT_VERSION = 5.0;
				TARGETED_DEVICE_FAMILY = "1,2";
				TEST_HOST = "$(BUILT_PRODUCTS_DIR)/Macro43.app/Macro43";
			};
			name = Debug;
		};
		AB284F40252C3285006B6727 /* Release */ = {
			isa = XCBuildConfiguration;
			buildSettings = {
				ALWAYS_EMBED_SWIFT_STANDARD_LIBRARIES = YES;
				BUNDLE_LOADER = "$(TEST_HOST)";
				CODE_SIGN_STYLE = Automatic;
				DEVELOPMENT_TEAM = A97SVDB2Q9;
				INFOPLIST_FILE = Macro43Tests/Info.plist;
				IPHONEOS_DEPLOYMENT_TARGET = 14.0;
				LD_RUNPATH_SEARCH_PATHS = (
					"$(inherited)",
					"@executable_path/Frameworks",
					"@loader_path/Frameworks",
				);
				PRODUCT_BUNDLE_IDENTIFIER = id.appleacademy.Macro43Tests;
				PRODUCT_NAME = "$(TARGET_NAME)";
				SWIFT_VERSION = 5.0;
				TARGETED_DEVICE_FAMILY = "1,2";
				TEST_HOST = "$(BUILT_PRODUCTS_DIR)/Macro43.app/Macro43";
			};
			name = Release;
		};
		AB284F42252C3285006B6727 /* Debug */ = {
			isa = XCBuildConfiguration;
			buildSettings = {
				ALWAYS_EMBED_SWIFT_STANDARD_LIBRARIES = YES;
				CODE_SIGN_STYLE = Automatic;
				DEVELOPMENT_TEAM = A97SVDB2Q9;
				INFOPLIST_FILE = Macro43UITests/Info.plist;
				LD_RUNPATH_SEARCH_PATHS = (
					"$(inherited)",
					"@executable_path/Frameworks",
					"@loader_path/Frameworks",
				);
				PRODUCT_BUNDLE_IDENTIFIER = id.appleacademy.Macro43UITests;
				PRODUCT_NAME = "$(TARGET_NAME)";
				SWIFT_VERSION = 5.0;
				TARGETED_DEVICE_FAMILY = "1,2";
				TEST_TARGET_NAME = Macro43;
			};
			name = Debug;
		};
		AB284F43252C3285006B6727 /* Release */ = {
			isa = XCBuildConfiguration;
			buildSettings = {
				ALWAYS_EMBED_SWIFT_STANDARD_LIBRARIES = YES;
				CODE_SIGN_STYLE = Automatic;
				DEVELOPMENT_TEAM = A97SVDB2Q9;
				INFOPLIST_FILE = Macro43UITests/Info.plist;
				LD_RUNPATH_SEARCH_PATHS = (
					"$(inherited)",
					"@executable_path/Frameworks",
					"@loader_path/Frameworks",
				);
				PRODUCT_BUNDLE_IDENTIFIER = id.appleacademy.Macro43UITests;
				PRODUCT_NAME = "$(TARGET_NAME)";
				SWIFT_VERSION = 5.0;
				TARGETED_DEVICE_FAMILY = "1,2";
				TEST_TARGET_NAME = Macro43;
			};
			name = Release;
		};
/* End XCBuildConfiguration section */

/* Begin XCConfigurationList section */
		AB284F09252C3283006B6727 /* Build configuration list for PBXProject "Macro43" */ = {
			isa = XCConfigurationList;
			buildConfigurations = (
				AB284F39252C3285006B6727 /* Debug */,
				AB284F3A252C3285006B6727 /* Release */,
			);
			defaultConfigurationIsVisible = 0;
			defaultConfigurationName = Release;
		};
		AB284F3B252C3285006B6727 /* Build configuration list for PBXNativeTarget "Macro43" */ = {
			isa = XCConfigurationList;
			buildConfigurations = (
				AB284F3C252C3285006B6727 /* Debug */,
				AB284F3D252C3285006B6727 /* Release */,
			);
			defaultConfigurationIsVisible = 0;
			defaultConfigurationName = Release;
		};
		AB284F3E252C3285006B6727 /* Build configuration list for PBXNativeTarget "Macro43Tests" */ = {
			isa = XCConfigurationList;
			buildConfigurations = (
				AB284F3F252C3285006B6727 /* Debug */,
				AB284F40252C3285006B6727 /* Release */,
			);
			defaultConfigurationIsVisible = 0;
			defaultConfigurationName = Release;
		};
		AB284F41252C3285006B6727 /* Build configuration list for PBXNativeTarget "Macro43UITests" */ = {
			isa = XCConfigurationList;
			buildConfigurations = (
				AB284F42252C3285006B6727 /* Debug */,
				AB284F43252C3285006B6727 /* Release */,
			);
			defaultConfigurationIsVisible = 0;
			defaultConfigurationName = Release;
		};
/* End XCConfigurationList section */

/* Begin XCRemoteSwiftPackageReference section */
		AB129BB0252CB4A5002FB772 /* XCRemoteSwiftPackageReference "Charts" */ = {
			isa = XCRemoteSwiftPackageReference;
			repositoryURL = "https://github.com/danielgindi/Charts";
			requirement = {
				kind = upToNextMajorVersion;
				minimumVersion = 3.6.0;
			};
		};
/* End XCRemoteSwiftPackageReference section */

/* Begin XCSwiftPackageProductDependency section */
		AB129BB1252CB4A5002FB772 /* Charts */ = {
			isa = XCSwiftPackageProductDependency;
			package = AB129BB0252CB4A5002FB772 /* XCRemoteSwiftPackageReference "Charts" */;
			productName = Charts;
		};
/* End XCSwiftPackageProductDependency section */

/* Begin XCVersionGroup section */
		AB284F1A252C3283006B6727 /* Macro43.xcdatamodeld */ = {
			isa = XCVersionGroup;
			children = (
				AB284F1B252C3283006B6727 /* Macro43.xcdatamodel */,
			);
			currentVersion = AB284F1B252C3283006B6727 /* Macro43.xcdatamodel */;
			path = Macro43.xcdatamodeld;
			sourceTree = "<group>";
			versionGroupType = wrapper.xcdatamodel;
		};
/* End XCVersionGroup section */
	};
	rootObject = AB284F06252C3283006B6727 /* Project object */;
}
